{
  "name": "dkt-paris",
  "lockfileVersion": 3,
  "requires": true,
  "packages": {
    "": {
      "dependencies": {
        "country-flag-icons": "^1.6.20"
      }
    },
    "node_modules/country-flag-icons": {
      "version": "1.6.20",
      "resolved": "https://registry.npmjs.org/country-flag-icons/-/country-flag-icons-1.6.20.tgz",
      "integrity": "sha512-py8JiEKzjhYw6HPJ0L7SxLgCYim36UPRTZX43/kqGueUCZLSvnrqAiwW8HtQibur7mdkFQUkjOgdK+o/9FBtaw==",
      "license": "MIT"
    }
  }
}
